
Microsoft Visual Studio Solution File, Format Version 12.00
# Visual Studio Version 16
VisualStudioVersion = 16.0.33529.622
MinimumVisualStudioVersion = 10.0.40219.1
Project("{FAE04EC0-301F-11D3-BF4B-00C04F79EFBC}") = "WindowsFormsApp18", "WindowsFormsApp18.csproj", "{6402EF17-8290-43FD-A033-74CD973CD85C}"
EndProject
Global
	GlobalSection(SolutionConfigurationPlatforms) = preSolution
		Debug|Any CPU = Debug|Any CPU
		Release|Any CPU = Release|Any CPU
	EndGlobalSection
	GlobalSection(ProjectConfigurationPlatforms) = postSolution
		{6402EF17-8290-43FD-A033-74CD973CD85C}.Debug|Any CPU.ActiveCfg = Debug|Any CPU
		{6402EF17-8290-43FD-A033-74CD973CD85C}.Debug|Any CPU.Build.0 = Debug|Any CPU
		{6402EF17-8290-43FD-A033-74CD973CD85C}.Release|Any CPU.ActiveCfg = Release|Any CPU
		{6402EF17-8290-43FD-A033-74CD973CD85C}.Release|Any CPU.Build.0 = Release|Any CPU
	EndGlobalSection
	GlobalSection(SolutionProperties) = preSolution
		HideSolutionNode = FALSE
	EndGlobalSection
	GlobalSection(ExtensibilityGlobals) = postSolution
		SolutionGuid = {D142D3C6-FFAD-4B63-8B60-0982E9BFBA9B}
	EndGlobalSection
EndGlobal
